
Microsoft Visual Studio Solution File, Format Version 12.00
# Visual Studio 15
VisualStudioVersion = 15.0.27703.2000
MinimumVisualStudioVersion = 10.0.40219.1
Project("{FAE04EC0-301F-11D3-BF4B-00C04F79EFBC}") = "Vault", "Vault\Vault.csproj", "{BCF9C842-D9FD-4821-9E46-CC9F4E3AAA4C}"
EndProject
Global
	GlobalSection(SolutionConfigurationPlatforms) = preSolution
		Debug|Any CPU = Debug|Any CPU
		Release|Any CPU = Release|Any CPU
	EndGlobalSection
	GlobalSection(ProjectConfigurationPlatforms) = postSolution
		{BCF9C842-D9FD-4821-9E46-CC9F4E3AAA4C}.Debug|Any CPU.ActiveCfg = Debug|Any CPU
		{BCF9C842-D9FD-4821-9E46-CC9F4E3AAA4C}.Debug|Any CPU.Build.0 = Debug|Any CPU
		{BCF9C842-D9FD-4821-9E46-CC9F4E3AAA4C}.Release|Any CPU.ActiveCfg = Release|Any CPU
		{BCF9C842-D9FD-4821-9E46-CC9F4E3AAA4C}.Release|Any CPU.Build.0 = Release|Any CPU
	EndGlobalSection
	GlobalSection(SolutionProperties) = preSolution
		HideSolutionNode = FALSE
	EndGlobalSection
	GlobalSection(ExtensibilityGlobals) = postSolution
		SolutionGuid = {59CB8F52-ED7E-485C-AC16-B99FA1EFE51B}
	EndGlobalSection
EndGlobal
